
Microsoft Visual Studio Solution File, Format Version 12.00
# Visual Studio Version 16
VisualStudioVersion = 16.0.29025.244
MinimumVisualStudioVersion = 10.0.40219.1
Project("{FAE04EC0-301F-11D3-BF4B-00C04F79EFBC}") = "EmpayeeApp", "EmpayeeApp\EmpayeeApp.csproj", "{0592FC92-F607-429F-984B-52A296D795A9}"
EndProject
Global
	GlobalSection(SolutionConfigurationPlatforms) = preSolution
		Debug|Any CPU = Debug|Any CPU
		Release|Any CPU = Release|Any CPU
	EndGlobalSection
	GlobalSection(ProjectConfigurationPlatforms) = postSolution
		{0592FC92-F607-429F-984B-52A296D795A9}.Debug|Any CPU.ActiveCfg = Debug|Any CPU
		{0592FC92-F607-429F-984B-52A296D795A9}.Debug|Any CPU.Build.0 = Debug|Any CPU
		{0592FC92-F607-429F-984B-52A296D795A9}.Release|Any CPU.ActiveCfg = Release|Any CPU
		{0592FC92-F607-429F-984B-52A296D795A9}.Release|Any CPU.Build.0 = Release|Any CPU
	EndGlobalSection
	GlobalSection(SolutionProperties) = preSolution
		HideSolutionNode = FALSE
	EndGlobalSection
	GlobalSection(ExtensibilityGlobals) = postSolution
		SolutionGuid = {A0EFCA54-1BBD-4AB9-BE08-64ADD4D0D352}
	EndGlobalSection
EndGlobal
